# THIS IS AN AUTOGENERATED FILE. DO NOT EDIT THIS FILE DIRECTLY.
# yarn lockfile v1


"@babel/runtime@^7.0.0-beta.40":
  version "7.18.6"
  resolved "https://registry.yarnpkg.com/@babel/runtime/-/runtime-7.18.6.tgz#6a1ef59f838debd670421f8c7f2cbb8da9751580"
  dependencies:
    regenerator-runtime "^0.13.4"

Base64@~0.2.0:
  version "0.2.1"
  resolved "https://registry.yarnpkg.com/Base64/-/Base64-0.2.1.tgz#ba3a4230708e186705065e66babdd4c35cf60028"

add-dom-event-listener@1.x:
  version "1.0.1"
  resolved "https://registry.yarnpkg.com/add-dom-event-listener/-/add-dom-event-listener-1.0.1.tgz#70e74d0692b27108f9740554e0fa80a4683c2eb2"
  dependencies:
    object-assign "4.x"

antd:
  version "2.5.3"
  resolved "https://registry.yarnpkg.com/antd/-/antd-2.5.3.tgz#bda72065d8932fd8c9f17889fc406f90f292cfe2"
  dependencies:
    array-tree-filter "~1.0.0"
    babel-runtime "6.x"
    classnames "~2.2.0"
    css-animation "^1.2.5"
    moment "~2.17.0"
    object-assign "~4.1.0"
    omit.js "^0.1.0"
    rc-animate "~2.3.0"
    rc-calendar "~7.5.1"
    rc-cascader "~0.10.1"
    rc-checkbox "~1.4.0"
    rc-collapse "~1.6.4"
    rc-dialog "~6.5.0"
    rc-dropdown "~1.4.8"
    rc-editor-mention "~0.3.0"
    rc-form "~1.0.0"
    rc-input-number "~2.8.3"
    rc-menu "~5.0.1"
    rc-notification "~1.3.4"
    rc-pagination "~1.6.0"
    rc-progress "~2.0.1"
    rc-radio "~2.0.0"
    rc-rate "~1.1.2"
    rc-select "~6.6.1"
    rc-slider "~5.4.0"
    rc-steps "~2.2.0"
    rc-switch "~1.4.2"
    rc-table "~5.2.0"
    rc-tabs "~7.1.0"
    rc-time-picker "~2.2.1"
    rc-tooltip "~3.4.2"
    rc-tree "~1.4.0"
    rc-tree-select "~1.8.0"
    rc-upload "~2.3.0"
    rc-util "^4.0.1"
    react-lazy-load "^3.0.10"
    react-slick "~0.14.2"
    shallowequal "^0.2.2"
    warning "~3.0.0"

array-tree-filter@^1.0.0, array-tree-filter@~1.0.0:
  version "1.0.1"
  resolved "https://registry.yarnpkg.com/array-tree-filter/-/array-tree-filter-1.0.1.tgz#0a8ad1eefd38ce88858632f9cc0423d7634e4d5d"

asap@~2.0.3:
  version "2.0.5"
  resolved "https://registry.yarnpkg.com/asap/-/asap-2.0.5.tgz#522765b50c3510490e52d7dcfe085ef9ba96958f"

asn1.js@^4.0.0:
  version "4.9.1"
  resolved "https://registry.yarnpkg.com/asn1.js/-/asn1.js-4.9.1.tgz#48ba240b45a9280e94748990ba597d216617fd40"
  dependencies:
    bn.js "^4.0.0"
    inherits "^2.0.1"
    minimalistic-assert "^1.0.0"

assert@^1.4.1:
  version "1.4.1"
  resolved "https://registry.yarnpkg.com/assert/-/assert-1.4.1.tgz#99912d591836b5a6f5b345c0f07eefc08fc65d91"
  dependencies:
    util "0.10.3"

async-validator@1.x:
  version "1.6.7"
  resolved "https://registry.yarnpkg.com/async-validator/-/async-validator-1.6.7.tgz#345162bdb54f3d653f07cd1ac076bbb517e53a2e"

babel-runtime@6.18.0, babel-runtime@6.x:
  version "6.18.0"
  resolved "https://registry.yarnpkg.com/babel-runtime/-/babel-runtime-6.18.0.tgz#0f4177ffd98492ef13b9f823e9994a02584c9078"
  dependencies:
    core-js "^2.4.0"
    regenerator-runtime "^0.9.5"

base64-js@^1.0.2:
  version "1.2.0"
  resolved "https://registry.yarnpkg.com/base64-js/-/base64-js-1.2.0.tgz#a39992d723584811982be5e290bb6a53d86700f1"

bn.js@^4.0.0, bn.js@^4.1.0, bn.js@^4.1.1, bn.js@^4.4.0:
  version "4.11.6"
  resolved "https://registry.yarnpkg.com/bn.js/-/bn.js-4.11.6.tgz#53344adb14617a13f6e8dd2ce28905d1c0ba3215"

brorand@^1.0.1:
  version "1.0.6"
  resolved "https://registry.yarnpkg.com/brorand/-/brorand-1.0.6.tgz#4028706b915f91f7b349a2e0bf3c376039d216e5"

browserify-aes@^1.0.0, browserify-aes@^1.0.4:
  version "1.0.6"
  resolved "https://registry.yarnpkg.com/browserify-aes/-/browserify-aes-1.0.6.tgz#5e7725dbdef1fd5930d4ebab48567ce451c48a0a"
  dependencies:
    buffer-xor "^1.0.2"
    cipher-base "^1.0.0"
    create-hash "^1.1.0"
    evp_bytestokey "^1.0.0"
    inherits "^2.0.1"

browserify-cipher@^1.0.0:
  version "1.0.0"
  resolved "https://registry.yarnpkg.com/browserify-cipher/-/browserify-cipher-1.0.0.tgz#9988244874bf5ed4e28da95666dcd66ac8fc363a"
  dependencies:
    browserify-aes "^1.0.4"
    browserify-des "^1.0.0"
    evp_bytestokey "^1.0.0"

browserify-des@^1.0.0:
  version "1.0.0"
  resolved "https://registry.yarnpkg.com/browserify-des/-/browserify-des-1.0.0.tgz#daa277717470922ed2fe18594118a175439721dd"
  dependencies:
    cipher-base "^1.0.1"
    des.js "^1.0.0"
    inherits "^2.0.1"

browserify-rsa@^4.0.0:
  version "4.0.1"
  resolved "https://registry.yarnpkg.com/browserify-rsa/-/browserify-rsa-4.0.1.tgz#21e0abfaf6f2029cf2fafb133567a701d4135524"
  dependencies:
    bn.js "^4.1.0"
    randombytes "^2.0.1"

browserify-sign@^4.0.0:
  version "4.0.0"
  resolved "https://registry.yarnpkg.com/browserify-sign/-/browserify-sign-4.0.0.tgz#10773910c3c206d5420a46aad8694f820b85968f"
  dependencies:
    bn.js "^4.1.1"
    browserify-rsa "^4.0.0"
    create-hash "^1.1.0"
    create-hmac "^1.1.2"
    elliptic "^6.0.0"
    inherits "^2.0.1"
    parse-asn1 "^5.0.0"

browserify-zlib@^0.1.4:
  version "0.1.4"
  resolved "https://registry.yarnpkg.com/browserify-zlib/-/browserify-zlib-0.1.4.tgz#bb35f8a519f600e0fa6b8485241c979d0141fb2d"
  dependencies:
    pako "~0.2.0"

buffer-shims@^1.0.0:
  version "1.0.0"
  resolved "https://registry.yarnpkg.com/buffer-shims/-/buffer-shims-1.0.0.tgz#9978ce317388c649ad8793028c3477ef044a8b51"

buffer-xor@^1.0.2:
  version "1.0.3"
  resolved "https://registry.yarnpkg.com/buffer-xor/-/buffer-xor-1.0.3.tgz#26e61ed1422fb70dd42e6e36729ed51d855fe8d9"

buffer@^4.9.1:
  version "4.9.1"
  resolved "https://registry.yarnpkg.com/buffer/-/buffer-4.9.1.tgz#6d1bb601b07a4efced97094132093027c95bc298"
  dependencies:
    base64-js "^1.0.2"
    ieee754 "^1.1.4"
    isarray "^1.0.0"

can-use-dom@^0.1.0:
  version "0.1.0"
  resolved "https://registry.yarnpkg.com/can-use-dom/-/can-use-dom-0.1.0.tgz#22cc4a34a0abc43950f42c6411024a3f6366b45a"

cipher-base@^1.0.0, cipher-base@^1.0.1:
  version "1.0.3"
  resolved "https://registry.yarnpkg.com/cipher-base/-/cipher-base-1.0.3.tgz#eeabf194419ce900da3018c207d212f2a6df0a07"
  dependencies:
    inherits "^2.0.1"

classnames@2.x, classnames@^2.2.0, classnames@^2.2.1, classnames@^2.2.3, classnames@^2.2.5, classnames@~2.2.0:
  version "2.2.5"
  resolved "https://registry.yarnpkg.com/classnames/-/classnames-2.2.5.tgz#fb3801d453467649ef3603c7d61a02bd129bde6d"

component-classes@1.x, component-classes@^1.2.5:
  version "1.2.6"
  resolved "https://registry.yarnpkg.com/component-classes/-/component-classes-1.2.6.tgz#c642394c3618a4d8b0b8919efccbbd930e5cd691"
  dependencies:
    component-indexof "0.0.3"

component-indexof@0.0.3:
  version "0.0.3"
  resolved "https://registry.yarnpkg.com/component-indexof/-/component-indexof-0.0.3.tgz#11d091312239eb8f32c8f25ae9cb002ffe8d3c24"

console-browserify@^1.1.0:
  version "1.1.0"
  resolved "https://registry.yarnpkg.com/console-browserify/-/console-browserify-1.1.0.tgz#f0241c45730a9fc6323b206dbf38edc741d0bb10"
  dependencies:
    date-now "^0.1.4"

constants-browserify@^1.0.0:
  version "1.0.0"
  resolved "https://registry.yarnpkg.com/constants-browserify/-/constants-browserify-1.0.0.tgz#c20b96d8c617748aaf1c16021760cd27fcb8cb75"

core-js@^1.0.0:
  version "1.2.7"
  resolved "https://registry.yarnpkg.com/core-js/-/core-js-1.2.7.tgz#652294c14651db28fa93bd2d5ff2983a4f08c636"

core-js@^2.4.0:
  version "2.4.1"
  resolved "https://registry.yarnpkg.com/core-js/-/core-js-2.4.1.tgz#4de911e667b0eae9124e34254b53aea6fc618d3e"

core-util-is@~1.0.0:
  version "1.0.2"
  resolved "https://registry.yarnpkg.com/core-util-is/-/core-util-is-1.0.2.tgz#b5fd54220aa2bc5ab57aab7140c940754503c1a7"

create-ecdh@^4.0.0:
  version "4.0.0"
  resolved "https://registry.yarnpkg.com/create-ecdh/-/create-ecdh-4.0.0.tgz#888c723596cdf7612f6498233eebd7a35301737d"
  dependencies:
    bn.js "^4.1.0"
    elliptic "^6.0.0"

create-hash@^1.1.0, create-hash@^1.1.1:
  version "1.1.2"
  resolved "https://registry.yarnpkg.com/create-hash/-/create-hash-1.1.2.tgz#51210062d7bb7479f6c65bb41a92208b1d61abad"
  dependencies:
    cipher-base "^1.0.1"
    inherits "^2.0.1"
    ripemd160 "^1.0.0"
    sha.js "^2.3.6"

create-hmac@^1.1.0, create-hmac@^1.1.2:
  version "1.1.4"
  resolved "https://registry.yarnpkg.com/create-hmac/-/create-hmac-1.1.4.tgz#d3fb4ba253eb8b3f56e39ea2fbcb8af747bd3170"
  dependencies:
    create-hash "^1.1.0"
    inherits "^2.0.1"

crypto-browserify@^3.11.0:
  version "3.11.0"
  resolved "https://registry.yarnpkg.com/crypto-browserify/-/crypto-browserify-3.11.0.tgz#3652a0906ab9b2a7e0c3ce66a408e957a2485522"
  dependencies:
    browserify-cipher "^1.0.0"
    browserify-sign "^4.0.0"
    create-ecdh "^4.0.0"
    create-hash "^1.1.0"
    create-hmac "^1.1.0"
    diffie-hellman "^5.0.0"
    inherits "^2.0.1"
    pbkdf2 "^3.0.3"
    public-encrypt "^4.0.0"
    randombytes "^2.0.0"

css-animation@1.x, css-animation@^1.2.5, css-animation@^1.3.0:
  version "1.3.0"
  resolved "https://registry.yarnpkg.com/css-animation/-/css-animation-1.3.0.tgz#315d9742bbe282c23b9951ceac2aa53cee05b708"
  dependencies:
    component-classes "^1.2.5"

date-now@^0.1.4:
  version "0.1.4"
  resolved "https://registry.yarnpkg.com/date-now/-/date-now-0.1.4.tgz#eaf439fd4d4848ad74e5cc7dbef200672b9e345b"

des.js@^1.0.0:
  version "1.0.0"
  resolved "https://registry.yarnpkg.com/des.js/-/des.js-1.0.0.tgz#c074d2e2aa6a8a9a07dbd61f9a15c2cd83ec8ecc"
  dependencies:
    inherits "^2.0.1"
    minimalistic-assert "^1.0.0"

diffie-hellman@^5.0.0:
  version "5.0.2"
  resolved "https://registry.yarnpkg.com/diffie-hellman/-/diffie-hellman-5.0.2.tgz#b5835739270cfe26acf632099fded2a07f209e5e"
  dependencies:
    bn.js "^4.1.0"
    miller-rabin "^4.0.0"
    randombytes "^2.0.0"

dom-align@1.x:
  version "1.5.2"
  resolved "https://registry.yarnpkg.com/dom-align/-/dom-align-1.5.2.tgz#bceb6c109a3442ebc001c04c48cb37a9d5e96df2"

dom-scroll-into-view@1.x, dom-scroll-into-view@^1.2.0:
  version "1.2.1"
  resolved "https://registry.yarnpkg.com/dom-scroll-into-view/-/dom-scroll-into-view-1.2.1.tgz#e8f36732dd089b0201a88d7815dc3f88e6d66c7e"

domain-browser@^1.1.7:
  version "1.1.7"
  resolved "https://registry.yarnpkg.com/domain-browser/-/domain-browser-1.1.7.tgz#867aa4b093faa05f1de08c06f4d7b21fdf8698bc"

draft-js@^0.9.1, draft-js@~0.9.1:
  version "0.9.1"
  resolved "https://registry.yarnpkg.com/draft-js/-/draft-js-0.9.1.tgz#940a51a0ad1fede0411676b6404f4050495f54f9"
  dependencies:
    fbjs "^0.8.3"
    immutable "~3.7.4"
    object-assign "^4.1.0"

elliptic@^6.0.0:
  version "6.3.2"
  resolved "https://registry.yarnpkg.com/elliptic/-/elliptic-6.3.2.tgz#e4c81e0829cf0a65ab70e998b8232723b5c1bc48"
  dependencies:
    bn.js "^4.4.0"
    brorand "^1.0.1"
    hash.js "^1.0.0"
    inherits "^2.0.1"

encoding@^0.1.11:
  version "0.1.12"
  resolved "https://registry.yarnpkg.com/encoding/-/encoding-0.1.12.tgz#538b66f3ee62cd1ab51ec323829d1f9480c74beb"
  dependencies:
    iconv-lite "~0.4.13"

enquire.js@^2.1.1:
  version "2.1.1"
  resolved "https://registry.yarnpkg.com/enquire.js/-/enquire.js-2.1.1.tgz#56ba08cb7c896839eda0c00e9fb0d40339e91c3f"

eventlistener@0.0.1:
  version "0.0.1"
  resolved "https://registry.yarnpkg.com/eventlistener/-/eventlistener-0.0.1.tgz#ed2baabb852227af2bcf889152c72c63ca532eb8"

events@^1.1.1:
  version "1.1.1"
  resolved "https://registry.yarnpkg.com/events/-/events-1.1.1.tgz#9ebdb7635ad099c70dcc4c2a1f5004288e8bd924"

evp_bytestokey@^1.0.0:
  version "1.0.0"
  resolved "https://registry.yarnpkg.com/evp_bytestokey/-/evp_bytestokey-1.0.0.tgz#497b66ad9fef65cd7c08a6180824ba1476b66e53"
  dependencies:
    create-hash "^1.1.1"

fbjs@^0.8.1, fbjs@^0.8.3, fbjs@^0.8.4:
  version "0.8.8"
  resolved "https://registry.yarnpkg.com/fbjs/-/fbjs-0.8.8.tgz#02f1b6e0ea0d46c24e0b51a2d24df069563a5ad6"
  dependencies:
    core-js "^1.0.0"
    isomorphic-fetch "^2.1.1"
    loose-envify "^1.0.0"
    object-assign "^4.1.0"
    promise "^7.1.1"
    setimmediate "^1.0.5"
    ua-parser-js "^0.7.9"

hammerjs@^2.0.8:
  version "2.0.8"
  resolved "https://registry.yarnpkg.com/hammerjs/-/hammerjs-2.0.8.tgz#04ef77862cff2bb79d30f7692095930222bf60f1"

hash.js@^1.0.0:
  version "1.0.3"
  resolved "https://registry.yarnpkg.com/hash.js/-/hash.js-1.0.3.tgz#1332ff00156c0a0ffdd8236013d07b77a0451573"
  dependencies:
    inherits "^2.0.1"

history@^3.0.0:
  version "3.2.1"
  resolved "https://registry.yarnpkg.com/history/-/history-3.2.1.tgz#71c7497f4e6090363d19a6713bb52a1bfcdd99aa"
  dependencies:
    invariant "^2.2.1"
    loose-envify "^1.2.0"
    query-string "^4.2.2"
    warning "^3.0.0"

hoist-non-react-statics@1.x, hoist-non-react-statics@^1.0.3, hoist-non-react-statics@^1.2.0:
  version "1.2.0"
  resolved "https://registry.yarnpkg.com/hoist-non-react-statics/-/hoist-non-react-statics-1.2.0.tgz#aa448cf0986d55cc40773b17174b7dd066cb7cfb"

http-browserify@^1.7.0:
  version "1.7.0"
  resolved "https://registry.yarnpkg.com/http-browserify/-/http-browserify-1.7.0.tgz#33795ade72df88acfbfd36773cefeda764735b20"
  dependencies:
    Base64 "~0.2.0"
    inherits "~2.0.1"

https-browserify@0.0.1:
  version "0.0.1"
  resolved "https://registry.yarnpkg.com/https-browserify/-/https-browserify-0.0.1.tgz#3f91365cabe60b77ed0ebba24b454e3e09d95a82"

iconv-lite@~0.4.13:
  version "0.4.15"
  resolved "https://registry.yarnpkg.com/iconv-lite/-/iconv-lite-0.4.15.tgz#fe265a218ac6a57cfe854927e9d04c19825eddeb"

ieee754@^1.1.4:
  version "1.1.8"
  resolved "https://registry.yarnpkg.com/ieee754/-/ieee754-1.1.8.tgz#be33d40ac10ef1926701f6f08a2d86fbfd1ad3e4"

immutable@^3.7.4, immutable@^3.8.1:
  version "3.8.1"
  resolved "https://registry.yarnpkg.com/immutable/-/immutable-3.8.1.tgz#200807f11ab0f72710ea485542de088075f68cd2"

immutable@~3.7.4:
  version "3.7.6"
  resolved "https://registry.yarnpkg.com/immutable/-/immutable-3.7.6.tgz#13b4d3cb12befa15482a26fe1b2ebae640071e4b"

indexof@0.0.1:
  version "0.0.1"
  resolved "https://registry.yarnpkg.com/indexof/-/indexof-0.0.1.tgz#82dc336d232b9062179d05ab3293a66059fd435d"

inherits@2.0.1:
  version "2.0.1"
  resolved "https://registry.yarnpkg.com/inherits/-/inherits-2.0.1.tgz#b17d08d326b4423e568eff719f91b0b1cbdf69f1"

inherits@^2.0.1, inherits@~2.0.1:
  version "2.0.3"
  resolved "https://registry.yarnpkg.com/inherits/-/inherits-2.0.3.tgz#633c2c83e3da42a502f52466022480f4208261de"

invariant@^2.0.0, invariant@^2.2.1:
  version "2.2.2"
  resolved "https://registry.yarnpkg.com/invariant/-/invariant-2.2.2.tgz#9e1f56ac0acdb6bf303306f338be3b204ae60360"
  dependencies:
    loose-envify "^1.0.0"

is-stream@^1.0.1:
  version "1.1.0"
  resolved "https://registry.yarnpkg.com/is-stream/-/is-stream-1.1.0.tgz#12d4a3dd4e68e0b79ceb8dbc84173ae80d91ca44"

isarray@^1.0.0, isarray@~1.0.0:
  version "1.0.0"
  resolved "https://registry.yarnpkg.com/isarray/-/isarray-1.0.0.tgz#bb935d48582cba168c06834957a54a3e07124f11"

isomorphic-fetch@^2.1.1:
  version "2.2.1"
  resolved "https://registry.yarnpkg.com/isomorphic-fetch/-/isomorphic-fetch-2.2.1.tgz#611ae1acf14f5e81f729507472819fe9733558a9"
  dependencies:
    node-fetch "^1.0.1"
    whatwg-fetch ">=0.10.0"

jquery@>=1.7.2:
  version "3.1.1"
  resolved "https://registry.yarnpkg.com/jquery/-/jquery-3.1.1.tgz#347c1c21c7e004115e0a4da32cece041fad3c8a3"

js-tokens@^2.0.0:
  version "2.0.0"
  resolved "https://registry.yarnpkg.com/js-tokens/-/js-tokens-2.0.0.tgz#79903f5563ee778cc1162e6dcf1a0027c97f9cb5"

json-stringify-safe@^5.0.1:
  version "5.0.1"
  resolved "https://registry.yarnpkg.com/json-stringify-safe/-/json-stringify-safe-5.0.1.tgz#1296a2d58fd45f19a0f6ce01d65701e2c735b6eb"

json2mq@^0.2.0:
  version "0.2.0"
  resolved "https://registry.yarnpkg.com/json2mq/-/json2mq-0.2.0.tgz#b637bd3ba9eabe122c83e9720483aeb10d2c904a"
  dependencies:
    string-convert "^0.2.0"

lodash-es@^4.16.0, lodash-es@^4.2.0, lodash-es@^4.2.1:
  version "4.17.3"
  resolved "https://registry.yarnpkg.com/lodash-es/-/lodash-es-4.17.3.tgz#567a08d2f0c91d92b31ce35c5565e1f337fb81db"

lodash._getnative@^3.0.0:
  version "3.9.1"
  resolved "https://registry.yarnpkg.com/lodash._getnative/-/lodash._getnative-3.9.1.tgz#570bc7dede46d61cdcde687d65d3eecbaa3aaff5"

lodash.debounce@^4.0.0:
  version "4.0.8"
  resolved "https://registry.yarnpkg.com/lodash.debounce/-/lodash.debounce-4.0.8.tgz#82d79bff30a67c4005ffd5e2515300ad9ca4d7af"

lodash.isarguments@^3.0.0:
  version "3.1.0"
  resolved "https://registry.yarnpkg.com/lodash.isarguments/-/lodash.isarguments-3.1.0.tgz#2f573d85c6a24289ff00663b491c1d338ff3458a"

lodash.isarray@^3.0.0:
  version "3.0.4"
  resolved "https://registry.yarnpkg.com/lodash.isarray/-/lodash.isarray-3.0.4.tgz#79e4eb88c36a8122af86f844aa9bcd851b5fbb55"

lodash.keys@^3.1.2:
  version "3.1.2"
  resolved "https://registry.yarnpkg.com/lodash.keys/-/lodash.keys-3.1.2.tgz#4dbc0472b156be50a0b286855d1bd0b0c656098a"
  dependencies:
    lodash._getnative "^3.0.0"
    lodash.isarguments "^3.0.0"
    lodash.isarray "^3.0.0"

lodash.throttle@^4.0.0:
  version "4.1.1"
  resolved "https://registry.yarnpkg.com/lodash.throttle/-/lodash.throttle-4.1.1.tgz#c23e91b710242ac70c37f1e1cda9274cc39bf2f4"

lodash@^4.11.1, lodash@^4.2.0, lodash@^4.2.1:
  version "4.17.3"
  resolved "https://registry.yarnpkg.com/lodash/-/lodash-4.17.3.tgz#557ed7d2a9438cac5fd5a43043ca60cb455e01f7"

loose-envify@^1.0.0, loose-envify@^1.1.0, loose-envify@^1.2.0:
  version "1.3.0"
  resolved "https://registry.yarnpkg.com/loose-envify/-/loose-envify-1.3.0.tgz#6b26248c42f6d4fa4b0d8542f78edfcde35642a8"
  dependencies:
    js-tokens "^2.0.0"

meteor-node-stubs@~0.2.0:
  version "0.2.4"
  resolved "https://registry.yarnpkg.com/meteor-node-stubs/-/meteor-node-stubs-0.2.4.tgz#5b2644913d866eb5e499e8392cab20dbdf7471b0"
  dependencies:
    assert "^1.4.1"
    browserify-zlib "^0.1.4"
    buffer "^4.9.1"
    console-browserify "^1.1.0"
    constants-browserify "^1.0.0"
    crypto-browserify "^3.11.0"
    domain-browser "^1.1.7"
    events "^1.1.1"
    http-browserify "^1.7.0"
    https-browserify "0.0.1"
    os-browserify "^0.2.1"
    path-browserify "0.0.0"
    process "^0.11.9"
    punycode "^1.4.1"
    querystring-es3 "^0.2.1"
    readable-stream "^2.2.1"
    stream-browserify "^2.0.1"
    string_decoder "^0.10.31"
    timers-browserify "^1.4.2"
    tty-browserify "0.0.0"
    url "^0.11.0"
    util "^0.10.3"
    vm-browserify "0.0.4"

miller-rabin@^4.0.0:
  version "4.0.0"
  resolved "https://registry.yarnpkg.com/miller-rabin/-/miller-rabin-4.0.0.tgz#4a62fb1d42933c05583982f4c716f6fb9e6c6d3d"
  dependencies:
    bn.js "^4.0.0"
    brorand "^1.0.1"

minimalistic-assert@^1.0.0:
  version "1.0.0"
  resolved "https://registry.yarnpkg.com/minimalistic-assert/-/minimalistic-assert-1.0.0.tgz#702be2dda6b37f4836bcb3f5db56641b64a1d3d3"

moment@2.x, moment@^2.29.4:
  version "2.29.4"
  resolved "https://registry.yarnpkg.com/moment/-/moment-2.29.4.tgz#3dbe052889fe7c1b2ed966fcb3a77328964ef108"

moment@~2.17.0:
  version "2.17.1"
  resolved "https://registry.yarnpkg.com/moment/-/moment-2.17.1.tgz#fed9506063f36b10f066c8b59a144d7faebe1d82"

node-fetch@^1.0.1:
  version "1.6.3"
  resolved "https://registry.yarnpkg.com/node-fetch/-/node-fetch-1.6.3.tgz#dc234edd6489982d58e8f0db4f695029abcd8c04"
  dependencies:
    encoding "^0.1.11"
    is-stream "^1.0.1"

object-assign@4.x, object-assign@^4.0.1, object-assign@^4.1.0, object-assign@~4.1.0:
  version "4.1.0"
  resolved "https://registry.yarnpkg.com/object-assign/-/object-assign-4.1.0.tgz#7a3b3d0e98063d43f4c03f2e8ae6cd51a86883a0"

object-path@^0.11.1:
  version "0.11.3"
  resolved "https://registry.yarnpkg.com/object-path/-/object-path-0.11.3.tgz#3e21a42ad07234d815429ae9e15c1c5f38050554"

omit.js@^0.1.0:
  version "0.1.0"
  resolved "https://registry.yarnpkg.com/omit.js/-/omit.js-0.1.0.tgz#9786a21a6d6c316fa35bb14e7101eeee21c52044"
  dependencies:
    object-assign "^4.1.0"

os-browserify@^0.2.1:
  version "0.2.1"
  resolved "https://registry.yarnpkg.com/os-browserify/-/os-browserify-0.2.1.tgz#63fc4ccee5d2d7763d26bbf8601078e6c2e0044f"

pako@~0.2.0:
  version "0.2.9"
  resolved "https://registry.yarnpkg.com/pako/-/pako-0.2.9.tgz#f3f7522f4ef782348da8161bad9ecfd51bf83a75"

parse-asn1@^5.0.0:
  version "5.0.0"
  resolved "https://registry.yarnpkg.com/parse-asn1/-/parse-asn1-5.0.0.tgz#35060f6d5015d37628c770f4e091a0b5a278bc23"
  dependencies:
    asn1.js "^4.0.0"
    browserify-aes "^1.0.0"
    create-hash "^1.1.0"
    evp_bytestokey "^1.0.0"
    pbkdf2 "^3.0.3"

path-browserify@0.0.0:
  version "0.0.0"
  resolved "https://registry.yarnpkg.com/path-browserify/-/path-browserify-0.0.0.tgz#a0b870729aae214005b7d5032ec2cbbb0fb4451a"

pbkdf2@^3.0.3:
  version "3.0.9"
  resolved "https://registry.yarnpkg.com/pbkdf2/-/pbkdf2-3.0.9.tgz#f2c4b25a600058b3c3773c086c37dbbee1ffe693"
  dependencies:
    create-hmac "^1.1.2"

process-nextick-args@~1.0.6:
  version "1.0.7"
  resolved "https://registry.yarnpkg.com/process-nextick-args/-/process-nextick-args-1.0.7.tgz#150e20b756590ad3f91093f25a4f2ad8bff30ba3"

process@^0.11.9, process@~0.11.0:
  version "0.11.9"
  resolved "https://registry.yarnpkg.com/process/-/process-0.11.9.tgz#7bd5ad21aa6253e7da8682264f1e11d11c0318c1"

promise@^7.1.1:
  version "7.1.1"
  resolved "https://registry.yarnpkg.com/promise/-/promise-7.1.1.tgz#489654c692616b8aa55b0724fa809bb7db49c5bf"
  dependencies:
    asap "~2.0.3"

public-encrypt@^4.0.0:
  version "4.0.0"
  resolved "https://registry.yarnpkg.com/public-encrypt/-/public-encrypt-4.0.0.tgz#39f699f3a46560dd5ebacbca693caf7c65c18cc6"
  dependencies:
    bn.js "^4.1.0"
    browserify-rsa "^4.0.0"
    create-hash "^1.1.0"
    parse-asn1 "^5.0.0"
    randombytes "^2.0.1"

punycode@1.3.2:
  version "1.3.2"
  resolved "https://registry.yarnpkg.com/punycode/-/punycode-1.3.2.tgz#9653a036fb7c1ee42342f2325cceefea3926c48d"

punycode@^1.4.1:
  version "1.4.1"
  resolved "https://registry.yarnpkg.com/punycode/-/punycode-1.4.1.tgz#c0d5a63b2718800ad8e1eb0fa5269c84dd41845e"

query-string@^4.2.2:
  version "4.2.3"
  resolved "https://registry.yarnpkg.com/query-string/-/query-string-4.2.3.tgz#9f27273d207a25a8ee4c7b8c74dcd45d556db822"
  dependencies:
    object-assign "^4.1.0"
    strict-uri-encode "^1.0.0"

querystring-es3@^0.2.1:
  version "0.2.1"
  resolved "https://registry.yarnpkg.com/querystring-es3/-/querystring-es3-0.2.1.tgz#9ec61f79049875707d69414596fd907a4d711e73"

querystring@0.2.0:
  version "0.2.0"
  resolved "https://registry.yarnpkg.com/querystring/-/querystring-0.2.0.tgz#b209849203bb25df820da756e747005878521620"

randombytes@^2.0.0, randombytes@^2.0.1:
  version "2.0.3"
  resolved "https://registry.yarnpkg.com/randombytes/-/randombytes-2.0.3.tgz#674c99760901c3c4112771a31e521dc349cc09ec"

rc-align@2.x:
  version "2.3.3"
  resolved "https://registry.yarnpkg.com/rc-align/-/rc-align-2.3.3.tgz#15e2fd329fde9c2dec16e4a0e0ec20fba2ffdbc0"
  dependencies:
    dom-align "1.x"
    rc-util "4.x"

rc-animate@2.x, rc-animate@^2.0.2, rc-animate@^2.3.0, rc-animate@~2.3.0:
  version "2.3.1"
  resolved "https://registry.yarnpkg.com/rc-animate/-/rc-animate-2.3.1.tgz#eacda46bf589d857f640c53953d92e07cb688636"
  dependencies:
    css-animation "^1.3.0"

rc-calendar@~7.5.1:
  version "7.5.2"
  resolved "https://registry.yarnpkg.com/rc-calendar/-/rc-calendar-7.5.2.tgz#95d2228c1e1cc5541a39175d6d717d76f9c3c72a"
  dependencies:
    babel-runtime "6.x"
    classnames "2.x"
    moment "2.x"
    rc-trigger "1.x"
    rc-util "3.x"

rc-cascader@~0.10.1:
  version "0.10.3"
  resolved "https://registry.yarnpkg.com/rc-cascader/-/rc-cascader-0.10.3.tgz#4e399dbcab4bf49250e18eebaeafe439e2b57ede"
  dependencies:
    array-tree-filter "^1.0.0"
    rc-trigger "1.x"

rc-checkbox@1.x, rc-checkbox@~1.4.0:
  version "1.4.3"
  resolved "https://registry.yarnpkg.com/rc-checkbox/-/rc-checkbox-1.4.3.tgz#b951befecc5d2f892d7a2629f9e107badf1c75c6"
  dependencies:
    classnames "2.x"
    rc-util "^4.0.1"

rc-collapse@~1.6.4:
  version "1.6.11"
  resolved "https://registry.yarnpkg.com/rc-collapse/-/rc-collapse-1.6.11.tgz#ff6de2053d0196d16eff5b701c1790dfe7437ff5"
  dependencies:
    classnames "2.x"
    css-animation "1.x"
    rc-animate "2.x"

rc-dialog@^6.3.0, rc-dialog@~6.5.0:
  version "6.5.5"
  resolved "https://registry.yarnpkg.com/rc-dialog/-/rc-dialog-6.5.5.tgz#c14d48f5f985018efb4e554da1690beccc42c07b"
  dependencies:
    babel-runtime "6.x"
    object-assign "~4.1.0"
    rc-animate "2.x"
    rc-util "^3.4.1"

rc-dropdown@~1.4.8:
  version "1.4.10"
  resolved "https://registry.yarnpkg.com/rc-dropdown/-/rc-dropdown-1.4.10.tgz#77d1beff082a5dba0929906c8722fc53f84a69f4"
  dependencies:
    rc-trigger "1.x"

rc-editor-core@^0.5.1, rc-editor-core@~0.5.5:
  version "0.5.11"
  resolved "https://registry.yarnpkg.com/rc-editor-core/-/rc-editor-core-0.5.11.tgz#8a6d48b94760f14d5f25e9be8c66aed9153af233"
  dependencies:
    classnames "^2.2.5"
    draft-js "^0.9.1"
    immutable "^3.7.4"
    rc-editor-plugin-image "0.0.3"

rc-editor-mention@~0.3.0:
  version "0.3.6"
  resolved "https://registry.yarnpkg.com/rc-editor-mention/-/rc-editor-mention-0.3.6.tgz#686be6a4c7f9f7db94aefe514a51609cf0bd9e89"
  dependencies:
    classnames "^2.2.5"
    dom-scroll-into-view "^1.2.0"
    draft-js "~0.9.1"
    immutable "^3.8.1"
    rc-animate "^2.3.0"
    rc-editor-core "~0.5.5"

rc-editor-plugin-image@0.0.3:
  version "0.0.3"
  resolved "https://registry.yarnpkg.com/rc-editor-plugin-image/-/rc-editor-plugin-image-0.0.3.tgz#44f6fb591eb3038740c526fa130eeb63e289086b"
  dependencies:
    classnames "^2.2.5"
    rc-dialog "^6.3.0"
    rc-editor-core "^0.5.1"
    rc-trigger "^1.7.1"
    rc-upload "^2.0.4"
    react-resizable "^1.4.2"

rc-form@~1.0.0:
  version "1.0.1"
  resolved "https://registry.yarnpkg.com/rc-form/-/rc-form-1.0.1.tgz#f1186a627895701c7ebfe0b5f8e4206246e132bc"
  dependencies:
    async-validator "1.x"
    babel-runtime "6.x"
    dom-scroll-into-view "1.x"
    hoist-non-react-statics "1.x"
    warning "^3.0.0"

rc-input-number@~2.8.3:
  version "2.8.9"
  resolved "https://registry.yarnpkg.com/rc-input-number/-/rc-input-number-2.8.9.tgz#8711e231c53c3bb9cf31af6c4d6b20eb03aa0f0e"
  dependencies:
    babel-runtime "6.x"
    classnames "^2.2.0"
    rc-touchable "^1.0.0"

"rc-menu@5.x || 4.x", rc-menu@~5.0.1:
  version "5.0.8"
  resolved "https://registry.yarnpkg.com/rc-menu/-/rc-menu-5.0.8.tgz#45bfa8500d7ca50abd8ffcd2dcb57c5cb7e1bafe"
  dependencies:
    babel-runtime "6.x"
    classnames "2.x"
    dom-scroll-into-view "1.x"
    rc-animate "2.x"
    rc-util "3.x"

rc-notification@~1.3.4:
  version "1.3.5"
  resolved "https://registry.yarnpkg.com/rc-notification/-/rc-notification-1.3.5.tgz#2045a506f1f4004d353743d756fab04b93bf7936"
  dependencies:
    classnames "2.x"
    rc-animate "2.x"
    rc-util "3.x"

rc-pagination@~1.6.0:
  version "1.6.2"
  resolved "https://registry.yarnpkg.com/rc-pagination/-/rc-pagination-1.6.2.tgz#1cef57e512263d755433adb5146ba13b7021c2b5"

rc-progress@~2.0.1:
  version "2.0.3"
  resolved "https://registry.yarnpkg.com/rc-progress/-/rc-progress-2.0.3.tgz#1755a04c2e368af2fbd93ace8abc9dc91aab6bd5"

rc-radio@~2.0.0:
  version "2.0.0"
  resolved "https://registry.yarnpkg.com/rc-radio/-/rc-radio-2.0.0.tgz#357b2da4d46564784b85d4bb5f0edf6c207155b3"
  dependencies:
    rc-checkbox "1.x"

rc-rate@~1.1.2:
  version "1.1.2"
  resolved "https://registry.yarnpkg.com/rc-rate/-/rc-rate-1.1.2.tgz#97706ef0615b5a0f4ee873898a743a4d7229f574"

rc-select@~6.6.1:
  version "6.6.10"
  resolved "https://registry.yarnpkg.com/rc-select/-/rc-select-6.6.10.tgz#e04472ccf6a00909b749ccc5f6f6ecdd5ef0361c"
  dependencies:
    babel-runtime "6.x"
    classnames "2.x"
    component-classes "1.x"
    dom-scroll-into-view "1.x"
    rc-animate "2.x"
    rc-menu "5.x || 4.x"
    rc-trigger "1.x"
    rc-util "4.x"
    warning "2.x"

rc-slider@~5.4.0:
  version "5.4.0"
  resolved "https://registry.yarnpkg.com/rc-slider/-/rc-slider-5.4.0.tgz#3e5ea3e2de3b582b3251c2f522c7260240325447"
  dependencies:
    babel-runtime "6.x"
    classnames "^2.2.5"
    rc-tooltip "^3.4.2"
    rc-util "^3.2.1"
    warning "^3.0.0"

rc-steps@~2.2.0:
  version "2.2.4"
  resolved "https://registry.yarnpkg.com/rc-steps/-/rc-steps-2.2.4.tgz#f1630e2d13e5b1810bd966bed413c52ac53952cf"
  dependencies:
    classnames "^2.2.3"

rc-switch@~1.4.2:
  version "1.4.2"
  resolved "https://registry.yarnpkg.com/rc-switch/-/rc-switch-1.4.2.tgz#c19637c9be348ae0b6e86b8e4eae6ad06cb21ee7"
  dependencies:
    classnames "^2.2.1"

rc-table@~5.2.0:
  version "5.2.2"
  resolved "https://registry.yarnpkg.com/rc-table/-/rc-table-5.2.2.tgz#60e17fdf0aecf051004b87d080f78b0fcd134107"
  dependencies:
    object-path "^0.11.1"
    rc-util "3.x"
    shallowequal "^0.2.2"

rc-tabs@~7.1.0:
  version "7.1.0"
  resolved "https://registry.yarnpkg.com/rc-tabs/-/rc-tabs-7.1.0.tgz#e307b565d08c2f663b601686d2bb8b5030654fd8"
  dependencies:
    babel-runtime "6.x"
    classnames "2.x"
    react-hammerjs "~0.5.0"

rc-time-picker@~2.2.1:
  version "2.2.1"
  resolved "https://registry.yarnpkg.com/rc-time-picker/-/rc-time-picker-2.2.1.tgz#c4b1cf94eb3875c85d50d8cfdb1ea734d2ccd008"
  dependencies:
    babel-runtime "6.x"
    classnames "2.x"
    moment "2.x"
    rc-trigger "1.x"

rc-tooltip@^3.4.2, rc-tooltip@~3.4.2:
  version "3.4.2"
  resolved "https://registry.yarnpkg.com/rc-tooltip/-/rc-tooltip-3.4.2.tgz#c5c89c347ed790f7f290ef825d5e24e8fb599166"
  dependencies:
    rc-trigger "1.x"

rc-touchable@^1.0.0:
  version "1.0.8"
  resolved "https://registry.yarnpkg.com/rc-touchable/-/rc-touchable-1.0.8.tgz#948455909b943a05dda83967322d59d5d45fb586"
  dependencies:
    babel-runtime "6.x"
    object-assign "^4.1.0"

rc-tree-select@~1.8.0:
  version "1.8.6"
  resolved "https://registry.yarnpkg.com/rc-tree-select/-/rc-tree-select-1.8.6.tgz#f88d0148bfcbe1dc7b763fa3c9f55f6def9dc013"
  dependencies:
    classnames "^2.2.1"
    object-assign "^4.0.1"
    rc-animate "^2.0.2"
    rc-tree "^1.3.0"
    rc-trigger "1.x"
    rc-util "^3.1.2"

rc-tree@^1.3.0, rc-tree@~1.4.0:
  version "1.4.1"
  resolved "https://registry.yarnpkg.com/rc-tree/-/rc-tree-1.4.1.tgz#6eb6d208c9b80a1206c629c3d84dc0170c24d89c"
  dependencies:
    classnames "2.x"
    object-assign "4.x"
    rc-animate "2.x"

rc-trigger@1.x, rc-trigger@^1.7.1:
  version "1.8.1"
  resolved "https://registry.yarnpkg.com/rc-trigger/-/rc-trigger-1.8.1.tgz#5c47adad7d5412028fe9a2e43510e10acef90de2"
  dependencies:
    babel-runtime "6.x"
    rc-align "2.x"
    rc-animate "2.x"
    rc-util "4.x"

rc-upload@^2.0.4, rc-upload@~2.3.0:
  version "2.3.1"
  resolved "https://registry.yarnpkg.com/rc-upload/-/rc-upload-2.3.1.tgz#6a795372f80fbf1503a57d98a8dc61b4ce0ef957"
  dependencies:
    babel-runtime "6.x"
    classnames "^2.2.5"
    warning "2.x"

rc-util@3.x, rc-util@^3.1.2, rc-util@^3.2.1, rc-util@^3.4.1:
  version "3.4.1"
  resolved "https://registry.yarnpkg.com/rc-util/-/rc-util-3.4.1.tgz#4b7e0b0c7593bdbcff8ed045d88fbbc773a7b061"
  dependencies:
    add-dom-event-listener "1.x"
    classnames "2.x"
    shallowequal "0.2.x"

rc-util@4.x, rc-util@^4.0.1:
  version "4.0.2"
  resolved "https://registry.yarnpkg.com/rc-util/-/rc-util-4.0.2.tgz#5804f8b141a13c8c14d7c265a7d21d298195af46"
  dependencies:
    add-dom-event-listener "1.x"
    shallowequal "^0.2.2"

react:
  version "15.4.1"
  resolved "https://registry.yarnpkg.com/react/-/react-15.4.1.tgz#498e918602677a3983cd0fd206dfe700389a0dd6"
  dependencies:
    fbjs "^0.8.4"
    loose-envify "^1.1.0"
    object-assign "^4.1.0"

react-addons-css-transition-group:
  version "15.4.1"
  resolved "https://registry.yarnpkg.com/react-addons-css-transition-group/-/react-addons-css-transition-group-15.4.1.tgz#60b133fac5116e4009e56ab0674dc2ddcc1a18f6"

react-addons-pure-render-mixin:
  version "15.4.1"
  resolved "https://registry.yarnpkg.com/react-addons-pure-render-mixin/-/react-addons-pure-render-mixin-15.4.1.tgz#8a1f48f9fd3f24ed12af63c4d2dc0c7529fa7e02"

react-dom:
  version "15.4.1"
  resolved "https://registry.yarnpkg.com/react-dom/-/react-dom-15.4.1.tgz#d54c913261aaedb17adc20410d029dcc18a1344a"
  dependencies:
    fbjs "^0.8.1"
    loose-envify "^1.1.0"
    object-assign "^4.1.0"

react-draggable@^2.1.0:
  version "2.2.3"
  resolved "https://registry.yarnpkg.com/react-draggable/-/react-draggable-2.2.3.tgz#17628cb8aaefed639d38e0021b978a685d80b08b"
  dependencies:
    classnames "^2.2.5"

react-flip-move@^2.7.3:
  version "2.7.3"
  resolved "https://registry.yarnpkg.com/react-flip-move/-/react-flip-move-2.7.3.tgz#0b6a991ad28ce87623bde748cab988116302f3bc"

react-hammerjs@~0.5.0:
  version "0.5.0"
  resolved "https://registry.yarnpkg.com/react-hammerjs/-/react-hammerjs-0.5.0.tgz#aa20e5c5f44d660f3e8e87ed11282f12173e77ae"
  dependencies:
    hammerjs "^2.0.8"

react-lazy-load@^3.0.10:
  version "3.0.10"
  resolved "https://registry.yarnpkg.com/react-lazy-load/-/react-lazy-load-3.0.10.tgz#75304b6f3705a92f4d1ae820bccf9ffaca2ce47f"
  dependencies:
    eventlistener "0.0.1"
    lodash.debounce "^4.0.0"
    lodash.throttle "^4.0.0"

react-redux:
  version "5.0.1"
  resolved "https://registry.yarnpkg.com/react-redux/-/react-redux-5.0.1.tgz#84a41bd4cdd180452bb6922bc79ad25bd5abb7c4"
  dependencies:
    hoist-non-react-statics "^1.0.3"
    invariant "^2.0.0"
    lodash "^4.2.0"
    lodash-es "^4.2.0"
    loose-envify "^1.1.0"

react-resizable@^1.4.2:
  version "1.4.5"
  resolved "https://registry.yarnpkg.com/react-resizable/-/react-resizable-1.4.5.tgz#b0f00244959bad9b003de5bf8f7d14dee5b6c2d3"
  dependencies:
    react-draggable "^2.1.0"

react-responsive-mixin@^0.4.0:
  version "0.4.0"
  resolved "https://registry.yarnpkg.com/react-responsive-mixin/-/react-responsive-mixin-0.4.0.tgz#9504218a17d49346d9a09a1f5945f629afdb624b"
  dependencies:
    can-use-dom "^0.1.0"
    enquire.js "^2.1.1"
    json2mq "^0.2.0"

react-router:
  version "3.0.0"
  resolved "https://registry.yarnpkg.com/react-router/-/react-router-3.0.0.tgz#3f313e4dbaf57048c48dd0a8c3cac24d93667dff"
  dependencies:
    history "^3.0.0"
    hoist-non-react-statics "^1.2.0"
    invariant "^2.2.1"
    loose-envify "^1.2.0"
    warning "^3.0.0"

react-slick@~0.14.2:
  version "0.14.5"
  resolved "https://registry.yarnpkg.com/react-slick/-/react-slick-0.14.5.tgz#29e2e2d73653a786ac38de379c6e6f27ffa0b029"
  dependencies:
    classnames "^2.2.5"
    json2mq "^0.2.0"
    object-assign "^4.1.0"
    react-responsive-mixin "^0.4.0"
    slick-carousel "^1.6.0"

readable-stream@^2.0.2, readable-stream@^2.2.1:
  version "2.2.2"
  resolved "https://registry.yarnpkg.com/readable-stream/-/readable-stream-2.2.2.tgz#a9e6fec3c7dda85f8bb1b3ba7028604556fc825e"
  dependencies:
    buffer-shims "^1.0.0"
    core-util-is "~1.0.0"
    inherits "~2.0.1"
    isarray "~1.0.0"
    process-nextick-args "~1.0.6"
    string_decoder "~0.10.x"
    util-deprecate "~1.0.1"

redux:
  version "3.6.0"
  resolved "https://registry.yarnpkg.com/redux/-/redux-3.6.0.tgz#887c2b3d0b9bd86eca2be70571c27654c19e188d"
  dependencies:
    lodash "^4.2.1"
    lodash-es "^4.2.1"
    loose-envify "^1.1.0"
    symbol-observable "^1.0.2"

redux-persist:
  version "4.0.1"
  resolved "https://registry.yarnpkg.com/redux-persist/-/redux-persist-4.0.1.tgz#e9a0944224973c1b8953515f27816bcc3a6d7bbc"
  dependencies:
    json-stringify-safe "^5.0.1"
    lodash "^4.11.1"
    lodash-es "^4.16.0"

redux-thunk:
  version "2.1.0"
  resolved "https://registry.yarnpkg.com/redux-thunk/-/redux-thunk-2.1.0.tgz#c724bfee75dbe352da2e3ba9bc14302badd89a98"

regenerator-runtime@^0.13.4:
  version "0.13.9"
  resolved "https://registry.yarnpkg.com/regenerator-runtime/-/regenerator-runtime-0.13.9.tgz#8925742a98ffd90814988d7566ad30ca3b263b52"

regenerator-runtime@^0.9.5:
  version "0.9.6"
  resolved "https://registry.yarnpkg.com/regenerator-runtime/-/regenerator-runtime-0.9.6.tgz#d33eb95d0d2001a4be39659707c51b0cb71ce029"

ripemd160@^1.0.0:
  version "1.0.1"
  resolved "https://registry.yarnpkg.com/ripemd160/-/ripemd160-1.0.1.tgz#93a4bbd4942bc574b69a8fa57c71de10ecca7d6e"

setimmediate@^1.0.5:
  version "1.0.5"
  resolved "https://registry.yarnpkg.com/setimmediate/-/setimmediate-1.0.5.tgz#290cbb232e306942d7d7ea9b83732ab7856f8285"

sha.js@^2.3.6:
  version "2.4.8"
  resolved "https://registry.yarnpkg.com/sha.js/-/sha.js-2.4.8.tgz#37068c2c476b6baf402d14a49c67f597921f634f"
  dependencies:
    inherits "^2.0.1"

shallowequal@0.2.x, shallowequal@^0.2.2:
  version "0.2.2"
  resolved "https://registry.yarnpkg.com/shallowequal/-/shallowequal-0.2.2.tgz#1e32fd5bcab6ad688a4812cb0cc04efc75c7014e"
  dependencies:
    lodash.keys "^3.1.2"

slick-carousel@^1.6.0:
  version "1.6.0"
  resolved "https://registry.yarnpkg.com/slick-carousel/-/slick-carousel-1.6.0.tgz#780f378e470f4e6f6bec1aa2bae0475f4f9eb085"
  dependencies:
    jquery ">=1.7.2"

stream-browserify@^2.0.1:
  version "2.0.1"
  resolved "https://registry.yarnpkg.com/stream-browserify/-/stream-browserify-2.0.1.tgz#66266ee5f9bdb9940a4e4514cafb43bb71e5c9db"
  dependencies:
    inherits "~2.0.1"
    readable-stream "^2.0.2"

strict-uri-encode@^1.0.0:
  version "1.1.0"
  resolved "https://registry.yarnpkg.com/strict-uri-encode/-/strict-uri-encode-1.1.0.tgz#279b225df1d582b1f54e65addd4352e18faa0713"

string-convert@^0.2.0:
  version "0.2.1"
  resolved "https://registry.yarnpkg.com/string-convert/-/string-convert-0.2.1.tgz#6982cc3049fbb4cd85f8b24568b9d9bf39eeff97"

string_decoder@^0.10.31, string_decoder@~0.10.x:
  version "0.10.31"
  resolved "https://registry.yarnpkg.com/string_decoder/-/string_decoder-0.10.31.tgz#62e203bc41766c6c28c9fc84301dab1c5310fa94"

symbol-observable@^1.0.2:
  version "1.0.4"
  resolved "https://registry.yarnpkg.com/symbol-observable/-/symbol-observable-1.0.4.tgz#29bf615d4aa7121bdd898b22d4b3f9bc4e2aa03d"

timers-browserify@^1.4.2:
  version "1.4.2"
  resolved "https://registry.yarnpkg.com/timers-browserify/-/timers-browserify-1.4.2.tgz#c9c58b575be8407375cb5e2462dacee74359f41d"
  dependencies:
    process "~0.11.0"

tty-browserify@0.0.0:
  version "0.0.0"
  resolved "https://registry.yarnpkg.com/tty-browserify/-/tty-browserify-0.0.0.tgz#a157ba402da24e9bf957f9aa69d524eed42901a6"

ua-parser-js@^0.7.9:
  version "0.7.12"
  resolved "https://registry.yarnpkg.com/ua-parser-js/-/ua-parser-js-0.7.12.tgz#04c81a99bdd5dc52263ea29d24c6bf8d4818a4bb"

url@^0.11.0:
  version "0.11.0"
  resolved "https://registry.yarnpkg.com/url/-/url-0.11.0.tgz#3838e97cfc60521eb73c525a8e55bfdd9e2e28f1"
  dependencies:
    punycode "1.3.2"
    querystring "0.2.0"

util-deprecate@~1.0.1:
  version "1.0.2"
  resolved "https://registry.yarnpkg.com/util-deprecate/-/util-deprecate-1.0.2.tgz#450d4dc9fa70de732762fbd2d4a28981419a0ccf"

util@0.10.3, util@^0.10.3:
  version "0.10.3"
  resolved "https://registry.yarnpkg.com/util/-/util-0.10.3.tgz#7afb1afe50805246489e3db7fe0ed379336ac0f9"
  dependencies:
    inherits "2.0.1"

vm-browserify@0.0.4:
  version "0.0.4"
  resolved "https://registry.yarnpkg.com/vm-browserify/-/vm-browserify-0.0.4.tgz#5d7ea45bbef9e4a6ff65f95438e0a87c357d5a73"
  dependencies:
    indexof "0.0.1"

warning@2.x:
  version "2.1.0"
  resolved "https://registry.yarnpkg.com/warning/-/warning-2.1.0.tgz#21220d9c63afc77a8c92111e011af705ce0c6901"
  dependencies:
    loose-envify "^1.0.0"

warning@^3.0.0, warning@~3.0.0:
  version "3.0.0"
  resolved "https://registry.yarnpkg.com/warning/-/warning-3.0.0.tgz#32e5377cb572de4ab04753bdf8821c01ed605b7c"
  dependencies:
    loose-envify "^1.0.0"

whatwg-fetch@>=0.10.0:
  version "2.0.1"
  resolved "https://registry.yarnpkg.com/whatwg-fetch/-/whatwg-fetch-2.0.1.tgz#078b9461bbe91cea73cbce8bb122a05f9e92b772"
